{
  "lockfileVersion": 2,
  "configVersion": 1,
  "workspaces": {
    "": {
      "name": "@omercnet/paseo-fresh-worktrees",
      "devDependencies": {
        "@getpaseo/client": "0.8.0",
        "@getpaseo/plugin": "0.8.0",
        "@types/bun": "^1.2.23",
        "@types/node": "^24.5.2",
        "@types/react": "~19.2.0",
        "react": "19.1.0",
        "typescript": "^5.9.3",
        "zod": "^4.4.3",
      },
    },
  },
  "packages": {
    "@agentclientprotocol/sdk": ["@agentclientprotocol/sdk@1.4.0", "", { "peerDependencies": { "zod": "^3.25.0 || ^4.0.0" } }, "sha512-/eufudw+aFY1LKLolT6yFE6UMmYRl7fMJ/DEONSIyR6wI3slHWITBsANRGqXEY8FRzqUxwh7QEaGiZHcJPVThg=="],

    "@getpaseo/client": ["@getpaseo/client@0.8.0", "", { "dependencies": { "@getpaseo/protocol": "0.8.0", "@getpaseo/relay": "0.8.0", "zod": "^4.4.3" } }, "sha512-sX0PPR47a9MoK4cUpZXo4vrZLSfP39/l9jlxYslQTGTiXE/9g6EDr6XlRQZVlTkgZZ47xGRVJZ/wxhE37nLWkw=="],

    "@getpaseo/plugin": ["@getpaseo/plugin@0.8.0", "", { "dependencies": { "@agentclientprotocol/sdk": "^1.4.0", "use-sync-external-store": "^1.6.0" }, "peerDependencies": { "@getpaseo/client": "0.8.0", "@getpaseo/protocol": "0.8.0", "react": "~19.1.0", "react-native": ">=0.81.5", "zod": "^4.4.3" }, "optionalPeers": ["react-native"] }, "sha512-VWdqMuYhv6oVrbNr+phDkSkMd4qfjb55UkFB0S4u4sHgo66UtJwvn8U9bwp1zU5wktW2LdXEa4OpcEGFDSkdVw=="],

    "@getpaseo/protocol": ["@getpaseo/protocol@0.8.0", "", { "dependencies": { "semver": "^7.8.5", "zod": "^4.4.3" } }, "sha512-SytigneLVG61useJ9yU400WFVWlqluwwUeWF/giRs0+ZOmgMSBZvYduqPAJdTRMAvJlrj62T/uVBH8gzMuHYLw=="],

    "@getpaseo/relay": ["@getpaseo/relay@0.8.0", "", { "dependencies": { "base64-js": "^1.5.1", "tweetnacl": "^1.0.3", "ws": "^8.14.2" } }, "sha512-YBCMAI3WOx7HgEToryyB94Mnugb7o2opuxN6ZycVK+K2wk2T25aV0sG3enzlKVM1oyiFVoJxJrAZyGDWfWpxpQ=="],

    "@types/bun": ["@types/bun@1.4.2", "", { "dependencies": { "bun-types": "1.4.2" } }, "sha512-GimotNn7+ZV0uVArItBbriZsR1oNf0+WTzPkdcFrzShI7k2norL0uzEaJT8T33dWr7O/c9ZDuAFQrctKCi72oQ=="],

    "@types/node": ["@types/node@24.13.4", "", { "dependencies": { "undici-types": "~7.18.0" } }, "sha512-YJ7EqCstVTzIr0fMr7qul/977en+pQHrfmuKIo6Zr9i75Be21dr3MovcfvGtyvi2HAUrRerWps5sMO9I7WaxDw=="],

    "@types/react": ["@types/react@19.2.18", "", { "dependencies": { "csstype": "^3.2.2" } }, "sha512-AnzbBERsrLKtk2XSfTbYRLjQPdy116Sty4q+T+Bp3IC4l6jNBvreVPAHmpq9qhXQM7CXZPjLVmGMw9sy+hxQ3w=="],

    "base64-js": ["base64-js@1.5.1", "", {}, "sha512-AKpaYlHn8t4SVbOHCy+b5+KKgvR4vrsD8vbvrbiQJps7fKDTkjkDry6ji0rUJjC0kzbNePLwzxq8iypo41qeWA=="],

    "bun-types": ["bun-types@1.4.2", "", { "dependencies": { "@types/node": "*" } }, "sha512-bxV1FgK7yBIzjRe5zBozIM4Bem11ZJcCXSrjWRG3YWLt8yFDePu4cLjpebO8OvPeIE9trbyPF4fuj3Cia4Fj3w=="],

    "csstype": ["csstype@3.2.3", "", {}, "sha512-z1HGKcYy2xA8AGQfwrn0PAy+PB7X/GSj3UVJW9qKyn43xWa+gl5nXmU4qqLMRzWVLFC8KusUX8T/0kCiOYpAIQ=="],

    "react": ["react@19.1.0", "", {}, "sha512-FS+XFBNvn3GTAWq26joslQgWNoFu08F4kl0J4CgdNKADkdSGXQyTCnKteIAJy96Br6YbpEU1LSzV5dYtjMkMDg=="],

    "semver": ["semver@7.8.5", "", { "bin": { "semver": "bin/semver.js" } }, "sha512-Y7/KDsb8LjooZpwaqGyulO6DQlksgCncchHGk+sZIY4SBvUocMBEFH5Ur1fI4dV+Jvl0w6cjvucaIi40puRioA=="],

    "tweetnacl": ["tweetnacl@1.0.3", "", {}, "sha512-6rt+RN7aOi1nGMyC4Xa5DdYiukl2UWCbcJft7YhxReBGQD7OAM8Pbxw6YMo4r2diNEA8FEmu32YOn9rhaiE5yw=="],

    "typescript": ["typescript@5.9.3", "", { "bin": { "tsc": "bin/tsc", "tsserver": "bin/tsserver" } }, "sha512-jl1vZzPDinLr9eUt3J/t7V6FgNEw9QjvBPdysz9KfQDD41fQrC2Y4vKQdiaUpFT4bXlb1RHhLpp8wtm6M5TgSw=="],

    "undici-types": ["undici-types@7.18.2", "", {}, "sha512-AsuCzffGHJybSaRrmr5eHr81mwJU3kjw6M+uprWvCXiNeN9SOGwQ3Jn8jb8m3Z6izVgknn1R0FTCEAP2QrLY/w=="],

    "use-sync-external-store": ["use-sync-external-store@1.7.0", "", { "peerDependencies": { "react": "^16.8.0 || ^17.0.0 || ^18.0.0 || ^19.0.0" } }, "sha512-6L+EeigHMQhdaIPNIFUKwfWJSwWFQ8gJbJ2DLOs5sDIegTwR9fRxvnM3uciHKjIZhFz+KAv2emhWMRvDmMcY8A=="],

    "ws": ["ws@8.21.3", "", { "peerDependencies": { "bufferutil": "^4.0.1", "utf-8-validate": ">=5.0.2" }, "optionalPeers": ["bufferutil", "utf-8-validate"] }, "sha512-201TZ/kPWxoPr/OKWjquZR1SWKXcvxdH+e1xrx89b3YbmzLMFCLfnaG1HFIgWzJOEWZ7MvpK++odZufgYR50Rw=="],

    "zod": ["zod@4.6.1", "", {}, "sha512-341aRWQsve0rvronKNTqZpjmzdbUDlFuzHaI/XLg/Ej82qffDJRRfBTCuv7+9q/rMjB6LSLyEBnW4InJeMtt/Q=="],
  }
}
