{
  "lockfileVersion": 2,
  "configVersion": 1,
  "workspaces": {
    "": {
      "name": "@omercnet/paseo-fresh-worktrees",
      "devDependencies": {
        "@getpaseo/plugin": "0.8.0-beta.1",
        "@types/bun": "^1.2.23",
        "@types/node": "^24.5.2",
        "typescript": "^5.9.3",
      },
    },
  },
  "packages": {
    "@agentclientprotocol/sdk": ["@agentclientprotocol/sdk@1.4.0", "", { "peerDependencies": { "zod": "^3.25.0 || ^4.0.0" } }, "sha512-/eufudw+aFY1LKLolT6yFE6UMmYRl7fMJ/DEONSIyR6wI3slHWITBsANRGqXEY8FRzqUxwh7QEaGiZHcJPVThg=="],

    "@getpaseo/client": ["@getpaseo/client@0.8.0-beta.1", "", { "dependencies": { "@getpaseo/protocol": "0.8.0-beta.1", "@getpaseo/relay": "0.8.0-beta.1", "zod": "^4.4.3" } }, "sha512-+JHqeg4eCWYa3TqMNN1FLaDWpoXM6PrPArOpzfV/Qm+2Mhw/bA07QS+zjMzDpVz7QZ+z6eN/96qAbQ1eFOD6Zg=="],

    "@getpaseo/plugin": ["@getpaseo/plugin@0.8.0-beta.1", "", { "dependencies": { "@agentclientprotocol/sdk": "^1.4.0", "use-sync-external-store": "^1.6.0" }, "peerDependencies": { "@getpaseo/client": "0.8.0-beta.1", "@getpaseo/protocol": "0.8.0-beta.1", "react": "~19.1.0", "react-native": ">=0.81.5", "zod": "^4.4.3" }, "optionalPeers": ["react-native"] }, "sha512-7/4cAfd3+GNB8rEYytFbp+Z8x/QfXlLIGMa8pcdn2YgrQUuO8Hjc3L9CGan3IoAYva/ttQn9biCOvvVWcDmMoQ=="],

    "@getpaseo/protocol": ["@getpaseo/protocol@0.8.0-beta.1", "", { "dependencies": { "semver": "^7.8.5", "zod": "^4.4.3" } }, "sha512-7GQfNTe8cGgWPQDvY4F6CwEe75HdtPB7d+XQ+SZYRWM4IGkQhgXPM6hGFaDqut9LAweKNYllttA2FaDAJmmo+g=="],

    "@getpaseo/relay": ["@getpaseo/relay@0.8.0-beta.1", "", { "dependencies": { "base64-js": "^1.5.1", "tweetnacl": "^1.0.3", "ws": "^8.14.2" } }, "sha512-aZGmgbQEU/DgPCW/zOdKce//nWiuMU1N5ikMG1q0z2acRQNPwdAok9fQO3iuNIcTENF/32azpWqgsr/qeMp5gA=="],

    "@types/bun": ["@types/bun@1.4.2", "", { "dependencies": { "bun-types": "1.4.2" } }, "sha512-GimotNn7+ZV0uVArItBbriZsR1oNf0+WTzPkdcFrzShI7k2norL0uzEaJT8T33dWr7O/c9ZDuAFQrctKCi72oQ=="],

    "@types/node": ["@types/node@24.13.3", "", { "dependencies": { "undici-types": "~7.18.0" } }, "sha512-Dh8vAsV36ig5wa9OX4pXvMc9D3Veibfw2wix0CUwYODLD8nkj9UsLjASr49nPg+2eKzxhBV+v7L8pXvT4e639Q=="],

    "base64-js": ["base64-js@1.5.1", "", {}, "sha512-AKpaYlHn8t4SVbOHCy+b5+KKgvR4vrsD8vbvrbiQJps7fKDTkjkDry6ji0rUJjC0kzbNePLwzxq8iypo41qeWA=="],

    "bun-types": ["bun-types@1.4.2", "", { "dependencies": { "@types/node": "*" } }, "sha512-bxV1FgK7yBIzjRe5zBozIM4Bem11ZJcCXSrjWRG3YWLt8yFDePu4cLjpebO8OvPeIE9trbyPF4fuj3Cia4Fj3w=="],

    "react": ["react@19.1.9", "", {}, "sha512-vcH++wcuFsbaGkMBoghOSs7Caq9Xg4KbdGwNEC8hWXye9NbV/ryKpxuElvsQxj6/38TmVUw2BofUb7shrdQogA=="],

    "semver": ["semver@7.8.5", "", { "bin": { "semver": "bin/semver.js" } }, "sha512-Y7/KDsb8LjooZpwaqGyulO6DQlksgCncchHGk+sZIY4SBvUocMBEFH5Ur1fI4dV+Jvl0w6cjvucaIi40puRioA=="],

    "tweetnacl": ["tweetnacl@1.0.3", "", {}, "sha512-6rt+RN7aOi1nGMyC4Xa5DdYiukl2UWCbcJft7YhxReBGQD7OAM8Pbxw6YMo4r2diNEA8FEmu32YOn9rhaiE5yw=="],

    "typescript": ["typescript@5.9.3", "", { "bin": { "tsc": "bin/tsc", "tsserver": "bin/tsserver" } }, "sha512-jl1vZzPDinLr9eUt3J/t7V6FgNEw9QjvBPdysz9KfQDD41fQrC2Y4vKQdiaUpFT4bXlb1RHhLpp8wtm6M5TgSw=="],

    "undici-types": ["undici-types@7.18.2", "", {}, "sha512-AsuCzffGHJybSaRrmr5eHr81mwJU3kjw6M+uprWvCXiNeN9SOGwQ3Jn8jb8m3Z6izVgknn1R0FTCEAP2QrLY/w=="],

    "use-sync-external-store": ["use-sync-external-store@1.6.0", "", { "peerDependencies": { "react": "^16.8.0 || ^17.0.0 || ^18.0.0 || ^19.0.0" } }, "sha512-Pp6GSwGP/NrPIrxVFAIkOQeyw8lFenOHijQWkUTrDvrF4ALqylP2C/KCkeS9dpUM3KvYRQhna5vt7IL95+ZQ9w=="],

    "ws": ["ws@8.21.3", "", { "peerDependencies": { "bufferutil": "^4.0.1", "utf-8-validate": ">=5.0.2" }, "optionalPeers": ["bufferutil", "utf-8-validate"] }, "sha512-201TZ/kPWxoPr/OKWjquZR1SWKXcvxdH+e1xrx89b3YbmzLMFCLfnaG1HFIgWzJOEWZ7MvpK++odZufgYR50Rw=="],

    "zod": ["zod@4.5.4", "", {}, "sha512-sC95tT5iHHH9gtpj6A81kh+NEaRAUFN+qlUPDUbRfOMvNf5QCBqsb3WgvnpVtK5Y+4UfA6KqufotuTvMGiTlsA=="],

    "bun-types/@types/node": ["@types/node@26.5.0", "", { "dependencies": { "undici-types": "~8.9.0" } }, "sha512-dVSGpriSoCgz8WnDNTuSSuSv1PC/ALXihO4ulRZt7Md8k9mlbdin3lGOcDE8SnWOgf513ByWlXd7BK4azmyg/A=="],

    "bun-types/@types/node/undici-types": ["undici-types@8.9.0", "", {}, "sha512-KTDyRTYX8sWmKXAikPHHSyc63CRPETMctyjKFupcC6OBLXT3xsN0e9aF7m+mIXutFWpUXuedtowG7iLOzp0kQg=="],
  }
}
